
Microsoft Visual Studio Solution File, Format Version 12.00
# Visual Studio 15
VisualStudioVersion = 15.0.26124.0
MinimumVisualStudioVersion = 15.0.26124.0
Project("{FAE04EC0-301F-11D3-BF4B-00C04F79EFBC}") = "YNAB", "YNAB\YNAB.csproj", "{637D7769-7AE3-441F-B332-4AFF4565283A}"
EndProject
Project("{FAE04EC0-301F-11D3-BF4B-00C04F79EFBC}") = "YNAB.Tests", "YNAB.Tests\YNAB.Tests.csproj", "{23C74953-0D94-4E48-B499-65EFBBFFD0AE}"
EndProject
Global
	GlobalSection(SolutionConfigurationPlatforms) = preSolution
		Debug|Any CPU = Debug|Any CPU
		Debug|x64 = Debug|x64
		Debug|x86 = Debug|x86
		Release|Any CPU = Release|Any CPU
		Release|x64 = Release|x64
		Release|x86 = Release|x86
	EndGlobalSection
	GlobalSection(SolutionProperties) = preSolution
		HideSolutionNode = FALSE
	EndGlobalSection
	GlobalSection(ProjectConfigurationPlatforms) = postSolution
		{637D7769-7AE3-441F-B332-4AFF4565283A}.Debug|Any CPU.ActiveCfg = Debug|Any CPU
		{637D7769-7AE3-441F-B332-4AFF4565283A}.Debug|Any CPU.Build.0 = Debug|Any CPU
		{637D7769-7AE3-441F-B332-4AFF4565283A}.Debug|x64.ActiveCfg = Debug|Any CPU
		{637D7769-7AE3-441F-B332-4AFF4565283A}.Debug|x64.Build.0 = Debug|Any CPU
		{637D7769-7AE3-441F-B332-4AFF4565283A}.Debug|x86.ActiveCfg = Debug|Any CPU
		{637D7769-7AE3-441F-B332-4AFF4565283A}.Debug|x86.Build.0 = Debug|Any CPU
		{637D7769-7AE3-441F-B332-4AFF4565283A}.Release|Any CPU.ActiveCfg = Release|Any CPU
		{637D7769-7AE3-441F-B332-4AFF4565283A}.Release|Any CPU.Build.0 = Release|Any CPU
		{637D7769-7AE3-441F-B332-4AFF4565283A}.Release|x64.ActiveCfg = Release|Any CPU
		{637D7769-7AE3-441F-B332-4AFF4565283A}.Release|x64.Build.0 = Release|Any CPU
		{637D7769-7AE3-441F-B332-4AFF4565283A}.Release|x86.ActiveCfg = Release|Any CPU
		{637D7769-7AE3-441F-B332-4AFF4565283A}.Release|x86.Build.0 = Release|Any CPU
		{23C74953-0D94-4E48-B499-65EFBBFFD0AE}.Debug|Any CPU.ActiveCfg = Debug|Any CPU
		{23C74953-0D94-4E48-B499-65EFBBFFD0AE}.Debug|Any CPU.Build.0 = Debug|Any CPU
		{23C74953-0D94-4E48-B499-65EFBBFFD0AE}.Debug|x64.ActiveCfg = Debug|Any CPU
		{23C74953-0D94-4E48-B499-65EFBBFFD0AE}.Debug|x64.Build.0 = Debug|Any CPU
		{23C74953-0D94-4E48-B499-65EFBBFFD0AE}.Debug|x86.ActiveCfg = Debug|Any CPU
		{23C74953-0D94-4E48-B499-65EFBBFFD0AE}.Debug|x86.Build.0 = Debug|Any CPU
		{23C74953-0D94-4E48-B499-65EFBBFFD0AE}.Release|Any CPU.ActiveCfg = Release|Any CPU
		{23C74953-0D94-4E48-B499-65EFBBFFD0AE}.Release|Any CPU.Build.0 = Release|Any CPU
		{23C74953-0D94-4E48-B499-65EFBBFFD0AE}.Release|x64.ActiveCfg = Release|Any CPU
		{23C74953-0D94-4E48-B499-65EFBBFFD0AE}.Release|x64.Build.0 = Release|Any CPU
		{23C74953-0D94-4E48-B499-65EFBBFFD0AE}.Release|x86.ActiveCfg = Release|Any CPU
		{23C74953-0D94-4E48-B499-65EFBBFFD0AE}.Release|x86.Build.0 = Release|Any CPU
	EndGlobalSection
EndGlobal
